# generated by rye
# use `rye lock` or `rye sync` to update this lockfile
#
# last locked with the following flags:
#   pre: false
#   features: []
#   all-features: false
#   with-sources: false

-e file:.
aiosqlite==0.20.0
    # via prefect
alembic==1.13.1
    # via prefect
annotated-types==0.6.0
    # via pydantic
anthropic==0.29.0
    # via langchain-anthropic
anyio==4.4.0
    # via anthropic
    # via httpx
    # via openai
    # via prefect
    # via starlette
    # via watchfiles
apprise==1.7.5
    # via prefect
asgi-lifespan==2.1.0
    # via prefect
asyncpg==0.29.0
    # via prefect
attrs==23.2.0
    # via jsonschema
    # via referencing
cachetools==5.3.3
    # via prefect
certifi==2024.2.2
    # via apprise
    # via httpcore
    # via httpx
    # via requests
cffi==1.16.0
    # via cryptography
charset-normalizer==3.3.2
    # via requests
click==8.1.7
    # via apprise
    # via prefect
    # via typer
    # via uvicorn
cloudpickle==3.0.0
    # via prefect
colorama==0.4.6
    # via griffe
coolname==2.2.0
    # via prefect
croniter==2.0.3
    # via prefect
cryptography==42.0.5
    # via prefect
dateparser==1.2.0
    # via prefect
defusedxml==0.7.1
    # via langchain-anthropic
distro==1.9.0
    # via anthropic
    # via openai
dnspython==2.6.1
    # via email-validator
docker==6.1.3
    # via prefect
email-validator==2.1.1
    # via fastapi
exceptiongroup==1.2.1
    # via prefect
fastapi==0.111.0
    # via prefect
fastapi-cli==0.0.4
    # via fastapi
filelock==3.15.3
    # via huggingface-hub
fsspec==2024.3.1
    # via huggingface-hub
    # via prefect
graphviz==0.20.3
    # via prefect
greenlet==3.0.3
    # via sqlalchemy
griffe==0.42.1
    # via prefect
h11==0.14.0
    # via httpcore
    # via uvicorn
h2==4.1.0
    # via httpx
hpack==4.0.0
    # via h2
httpcore==1.0.5
    # via httpx
    # via prefect
httptools==0.6.1
    # via uvicorn
httpx==0.27.0
    # via anthropic
    # via fastapi
    # via openai
    # via prefect
huggingface-hub==0.23.4
    # via tokenizers
humanize==4.9.0
    # via jinja2-humanize-extension
    # via prefect
hyperframe==6.0.1
    # via h2
idna==3.6
    # via anyio
    # via email-validator
    # via httpx
    # via requests
importlib-resources==6.1.3
    # via prefect
jinja2==3.1.4
    # via controlflow
    # via fastapi
    # via jinja2-humanize-extension
    # via prefect
jinja2-humanize-extension==0.4.0
    # via prefect
jiter==0.4.2
    # via anthropic
jsonpatch==1.33
    # via langchain-core
    # via prefect
jsonpointer==2.4
    # via jsonpatch
jsonschema==4.21.1
    # via prefect
jsonschema-specifications==2023.12.1
    # via jsonschema
langchain-anthropic==0.1.15
    # via controlflow
langchain-core==0.2.9
    # via controlflow
    # via langchain-anthropic
    # via langchain-openai
langchain-openai==0.1.8
    # via controlflow
langsmith==0.1.74
    # via langchain-core
linkify-it-py==2.0.3
    # via markdown-it-py
mako==1.3.2
    # via alembic
markdown==3.6
    # via apprise
markdown-it-py==3.0.0
    # via mdit-py-plugins
    # via rich
    # via textual
markupsafe==2.1.5
    # via jinja2
    # via mako
mdit-py-plugins==0.4.1
    # via markdown-it-py
mdurl==0.1.2
    # via markdown-it-py
oauthlib==3.2.2
    # via requests-oauthlib
openai==1.28.1
    # via langchain-openai
orjson==3.10.0
    # via fastapi
    # via langsmith
    # via prefect
packaging==23.2
    # via docker
    # via huggingface-hub
    # via langchain-core
    # via prefect
pathspec==0.12.1
    # via prefect
pendulum==3.0.0
    # via prefect
prefect==3.0.0rc7
    # via controlflow
pycparser==2.22
    # via cffi
pydantic==2.7.2
    # via anthropic
    # via fastapi
    # via langchain-core
    # via langsmith
    # via openai
    # via prefect
    # via pydantic-extra-types
    # via pydantic-settings
pydantic-core==2.18.3
    # via prefect
    # via pydantic
pydantic-extra-types==2.8.2
    # via prefect
pydantic-settings==2.2.1
    # via controlflow
    # via prefect
pygments==2.17.2
    # via rich
python-dateutil==2.9.0.post0
    # via croniter
    # via dateparser
    # via pendulum
    # via prefect
    # via time-machine
python-dotenv==1.0.1
    # via pydantic-settings
    # via uvicorn
python-multipart==0.0.9
    # via fastapi
python-slugify==8.0.4
    # via prefect
pytz==2024.1
    # via croniter
    # via dateparser
    # via prefect
pyyaml==6.0.1
    # via apprise
    # via huggingface-hub
    # via langchain-core
    # via prefect
    # via uvicorn
readchar==4.0.6
    # via prefect
referencing==0.34.0
    # via jsonschema
    # via jsonschema-specifications
regex==2023.12.25
    # via dateparser
    # via tiktoken
requests==2.31.0
    # via apprise
    # via docker
    # via huggingface-hub
    # via langsmith
    # via requests-oauthlib
    # via tiktoken
requests-oauthlib==2.0.0
    # via apprise
rfc3339-validator==0.1.4
    # via prefect
rich==13.7.1
    # via prefect
    # via textual
    # via typer
rpds-py==0.18.0
    # via jsonschema
    # via referencing
ruamel-yaml==0.18.6
    # via prefect
ruamel-yaml-clib==0.2.8
    # via ruamel-yaml
setuptools==69.2.0
    # via readchar
shellingham==1.5.4
    # via typer
six==1.16.0
    # via python-dateutil
    # via rfc3339-validator
sniffio==1.3.1
    # via anthropic
    # via anyio
    # via asgi-lifespan
    # via httpx
    # via openai
    # via prefect
sqlalchemy==2.0.29
    # via alembic
    # via prefect
starlette==0.37.2
    # via fastapi
tenacity==8.3.0
    # via langchain-core
text-unidecode==1.3
    # via python-slugify
textual==0.61.1
    # via controlflow
tiktoken==0.7.0
    # via controlflow
    # via langchain-openai
time-machine==2.14.1
    # via pendulum
tokenizers==0.19.1
    # via anthropic
toml==0.10.2
    # via prefect
tqdm==4.66.2
    # via huggingface-hub
    # via openai
typer==0.12.3
    # via fastapi-cli
    # via prefect
typing-extensions==4.10.0
    # via aiosqlite
    # via alembic
    # via anthropic
    # via fastapi
    # via huggingface-hub
    # via openai
    # via prefect
    # via pydantic
    # via pydantic-core
    # via sqlalchemy
    # via textual
    # via typer
tzdata==2024.1
    # via pendulum
tzlocal==5.2
    # via dateparser
uc-micro-py==1.0.3
    # via linkify-it-py
ujson==5.9.0
    # via fastapi
    # via prefect
urllib3==2.2.1
    # via docker
    # via requests
uvicorn==0.28.1
    # via fastapi
    # via prefect
uvloop==0.19.0
    # via uvicorn
watchfiles==0.21.0
    # via uvicorn
websocket-client==1.7.0
    # via docker
websockets==12.0
    # via prefect
    # via uvicorn
